
Microsoft Visual Studio Solution File, Format Version 12.00
# Visual Studio Version 17
VisualStudioVersion = 17.5.33414.496
MinimumVisualStudioVersion = 10.0.40219.1
Project("{9A19103F-16F7-4668-BE54-9A1E7A4F7556}") = "kanban", "kanban.csproj", "{60AA1C5C-E889-4E18-8F84-264F67B0BE7A}"
EndProject
Global
	GlobalSection(SolutionConfigurationPlatforms) = preSolution
		Debug|Any CPU = Debug|Any CPU
		Release|Any CPU = Release|Any CPU
	EndGlobalSection
	GlobalSection(ProjectConfigurationPlatforms) = postSolution
		{60AA1C5C-E889-4E18-8F84-264F67B0BE7A}.Debug|Any CPU.ActiveCfg = Debug|Any CPU
		{60AA1C5C-E889-4E18-8F84-264F67B0BE7A}.Debug|Any CPU.Build.0 = Debug|Any CPU
		{60AA1C5C-E889-4E18-8F84-264F67B0BE7A}.Release|Any CPU.ActiveCfg = Release|Any CPU
		{60AA1C5C-E889-4E18-8F84-264F67B0BE7A}.Release|Any CPU.Build.0 = Release|Any CPU
	EndGlobalSection
	GlobalSection(SolutionProperties) = preSolution
		HideSolutionNode = FALSE
	EndGlobalSection
	GlobalSection(ExtensibilityGlobals) = postSolution
		SolutionGuid = {FC25113E-EC0C-4D68-B999-76FA467AE8BC}
	EndGlobalSection
EndGlobal
